
Microsoft Visual Studio Solution File, Format Version 12.00
# Visual Studio Version 17
VisualStudioVersion = 17.14.36221.1 d17.14
MinimumVisualStudioVersion = 10.0.40219.1
Project("{FAE04EC0-301F-11D3-BF4B-00C04F79EFBC}") = "WinFormsApp1", "WinFormsApp1\WinFormsApp1.csproj", "{4F406F5D-C65C-4904-AE62-39950FDA6158}"
EndProject
Global
	GlobalSection(SolutionConfigurationPlatforms) = preSolution
		Debug|Any CPU = Debug|Any CPU
		Release|Any CPU = Release|Any CPU
	EndGlobalSection
	GlobalSection(ProjectConfigurationPlatforms) = postSolution
		{4F406F5D-C65C-4904-AE62-39950FDA6158}.Debug|Any CPU.ActiveCfg = Debug|Any CPU
		{4F406F5D-C65C-4904-AE62-39950FDA6158}.Debug|Any CPU.Build.0 = Debug|Any CPU
		{4F406F5D-C65C-4904-AE62-39950FDA6158}.Release|Any CPU.ActiveCfg = Release|Any CPU
		{4F406F5D-C65C-4904-AE62-39950FDA6158}.Release|Any CPU.Build.0 = Release|Any CPU
	EndGlobalSection
	GlobalSection(SolutionProperties) = preSolution
		HideSolutionNode = FALSE
	EndGlobalSection
	GlobalSection(ExtensibilityGlobals) = postSolution
		SolutionGuid = {E451B077-4D77-4F64-A388-F9063349A16F}
	EndGlobalSection
EndGlobal
